# This file was autogenerated by uv via the following command:
#    uv pip compile requirements.txt --output-file reqs.txt
blinker==1.8.2
    # via flask
click==8.1.7
    # via flask
flask==3.0.3
    # via
    #   -r requirements.txt
    #   flask-inertia
    #   flask-vite
flask-inertia==0.9
    # via -r requirements.txt
flask-vite==0.5.2
    # via -r requirements.txt
itsdangerous==2.2.0
    # via flask
jinja2==3.1.4
    # via flask
jsmin==3.0.1
    # via flask-inertia
markupsafe==2.1.5
    # via
    #   jinja2
    #   werkzeug
werkzeug==3.0.4
    # via flask
